
Microsoft Visual Studio Solution File, Format Version 12.00
# Visual Studio Version 16
VisualStudioVersion = 16.0.30114.105
MinimumVisualStudioVersion = 10.0.40219.1
Project("{FAE04EC0-301F-11D3-BF4B-00C04F79EFBC}") = "IdentityTutorials", "IdentityTutorials\IdentityTutorials.csproj", "{EBD2082A-B8F2-4936-B1D1-DE1A180D6B79}"
EndProject
Project("{FAE04EC0-301F-11D3-BF4B-00C04F79EFBC}") = "AuthenticatinDynamicValidation", "AuthenticatinDynamicValidation\AuthenticatinDynamicValidation.csproj", "{F2D1329E-BDD4-496A-94D5-CAB230AAC0F0}"
EndProject
Global
	GlobalSection(SolutionConfigurationPlatforms) = preSolution
		Debug|Any CPU = Debug|Any CPU
		Debug|x64 = Debug|x64
		Debug|x86 = Debug|x86
		Release|Any CPU = Release|Any CPU
		Release|x64 = Release|x64
		Release|x86 = Release|x86
	EndGlobalSection
	GlobalSection(SolutionProperties) = preSolution
		HideSolutionNode = FALSE
	EndGlobalSection
	GlobalSection(ProjectConfigurationPlatforms) = postSolution
		{EBD2082A-B8F2-4936-B1D1-DE1A180D6B79}.Debug|Any CPU.ActiveCfg = Debug|Any CPU
		{EBD2082A-B8F2-4936-B1D1-DE1A180D6B79}.Debug|Any CPU.Build.0 = Debug|Any CPU
		{EBD2082A-B8F2-4936-B1D1-DE1A180D6B79}.Debug|x64.ActiveCfg = Debug|Any CPU
		{EBD2082A-B8F2-4936-B1D1-DE1A180D6B79}.Debug|x64.Build.0 = Debug|Any CPU
		{EBD2082A-B8F2-4936-B1D1-DE1A180D6B79}.Debug|x86.ActiveCfg = Debug|Any CPU
		{EBD2082A-B8F2-4936-B1D1-DE1A180D6B79}.Debug|x86.Build.0 = Debug|Any CPU
		{EBD2082A-B8F2-4936-B1D1-DE1A180D6B79}.Release|Any CPU.ActiveCfg = Release|Any CPU
		{EBD2082A-B8F2-4936-B1D1-DE1A180D6B79}.Release|Any CPU.Build.0 = Release|Any CPU
		{EBD2082A-B8F2-4936-B1D1-DE1A180D6B79}.Release|x64.ActiveCfg = Release|Any CPU
		{EBD2082A-B8F2-4936-B1D1-DE1A180D6B79}.Release|x64.Build.0 = Release|Any CPU
		{EBD2082A-B8F2-4936-B1D1-DE1A180D6B79}.Release|x86.ActiveCfg = Release|Any CPU
		{EBD2082A-B8F2-4936-B1D1-DE1A180D6B79}.Release|x86.Build.0 = Release|Any CPU
		{DFA9458D-E144-40B5-A092-5D5AE155BD46}.Debug|Any CPU.ActiveCfg = Debug|Any CPU
		{DFA9458D-E144-40B5-A092-5D5AE155BD46}.Debug|Any CPU.Build.0 = Debug|Any CPU
		{DFA9458D-E144-40B5-A092-5D5AE155BD46}.Debug|x64.ActiveCfg = Debug|Any CPU
		{DFA9458D-E144-40B5-A092-5D5AE155BD46}.Debug|x64.Build.0 = Debug|Any CPU
		{DFA9458D-E144-40B5-A092-5D5AE155BD46}.Debug|x86.ActiveCfg = Debug|Any CPU
		{DFA9458D-E144-40B5-A092-5D5AE155BD46}.Debug|x86.Build.0 = Debug|Any CPU
		{DFA9458D-E144-40B5-A092-5D5AE155BD46}.Release|Any CPU.ActiveCfg = Release|Any CPU
		{DFA9458D-E144-40B5-A092-5D5AE155BD46}.Release|Any CPU.Build.0 = Release|Any CPU
		{DFA9458D-E144-40B5-A092-5D5AE155BD46}.Release|x64.ActiveCfg = Release|Any CPU
		{DFA9458D-E144-40B5-A092-5D5AE155BD46}.Release|x64.Build.0 = Release|Any CPU
		{DFA9458D-E144-40B5-A092-5D5AE155BD46}.Release|x86.ActiveCfg = Release|Any CPU
		{DFA9458D-E144-40B5-A092-5D5AE155BD46}.Release|x86.Build.0 = Release|Any CPU
		{F2D1329E-BDD4-496A-94D5-CAB230AAC0F0}.Debug|Any CPU.ActiveCfg = Debug|Any CPU
		{F2D1329E-BDD4-496A-94D5-CAB230AAC0F0}.Debug|Any CPU.Build.0 = Debug|Any CPU
		{F2D1329E-BDD4-496A-94D5-CAB230AAC0F0}.Debug|x64.ActiveCfg = Debug|Any CPU
		{F2D1329E-BDD4-496A-94D5-CAB230AAC0F0}.Debug|x64.Build.0 = Debug|Any CPU
		{F2D1329E-BDD4-496A-94D5-CAB230AAC0F0}.Debug|x86.ActiveCfg = Debug|Any CPU
		{F2D1329E-BDD4-496A-94D5-CAB230AAC0F0}.Debug|x86.Build.0 = Debug|Any CPU
		{F2D1329E-BDD4-496A-94D5-CAB230AAC0F0}.Release|Any CPU.ActiveCfg = Release|Any CPU
		{F2D1329E-BDD4-496A-94D5-CAB230AAC0F0}.Release|Any CPU.Build.0 = Release|Any CPU
		{F2D1329E-BDD4-496A-94D5-CAB230AAC0F0}.Release|x64.ActiveCfg = Release|Any CPU
		{F2D1329E-BDD4-496A-94D5-CAB230AAC0F0}.Release|x64.Build.0 = Release|Any CPU
		{F2D1329E-BDD4-496A-94D5-CAB230AAC0F0}.Release|x86.ActiveCfg = Release|Any CPU
		{F2D1329E-BDD4-496A-94D5-CAB230AAC0F0}.Release|x86.Build.0 = Release|Any CPU
	EndGlobalSection
EndGlobal
